
Microsoft Visual Studio Solution File, Format Version 12.00
# Visual Studio Version 16
VisualStudioVersion = 16.0.29920.165
MinimumVisualStudioVersion = 10.0.40219.1
Project("{FAE04EC0-301F-11D3-BF4B-00C04F79EFBC}") = "PointGenerator", "PointGenerator.csproj", "{F1486065-72CD-4B35-BA01-5AFB3C1A32A2}"
EndProject
Global
	GlobalSection(SolutionConfigurationPlatforms) = preSolution
		Debug|Any CPU = Debug|Any CPU
		Release|Any CPU = Release|Any CPU
	EndGlobalSection
	GlobalSection(ProjectConfigurationPlatforms) = postSolution
		{F1486065-72CD-4B35-BA01-5AFB3C1A32A2}.Debug|Any CPU.ActiveCfg = Debug|Any CPU
		{F1486065-72CD-4B35-BA01-5AFB3C1A32A2}.Debug|Any CPU.Build.0 = Debug|Any CPU
		{F1486065-72CD-4B35-BA01-5AFB3C1A32A2}.Release|Any CPU.ActiveCfg = Release|Any CPU
		{F1486065-72CD-4B35-BA01-5AFB3C1A32A2}.Release|Any CPU.Build.0 = Release|Any CPU
	EndGlobalSection
	GlobalSection(SolutionProperties) = preSolution
		HideSolutionNode = FALSE
	EndGlobalSection
	GlobalSection(ExtensibilityGlobals) = postSolution
		SolutionGuid = {06F3CA69-68F0-470F-B566-522967E60F2C}
	EndGlobalSection
EndGlobal
